{
  "version": "5",
  "specifiers": {
    "npm:@tauri-apps/api@^2.9.1": "2.9.1",
    "npm:@tauri-apps/cli@^2.9.6": "2.9.6",
    "npm:@tauri-apps/plugin-cli@~2.4.1": "2.4.1",
    "npm:@tauri-apps/plugin-dialog@^2.4.2": "2.4.2",
    "npm:@tauri-apps/plugin-fs@~2.4.4": "2.4.4",
    "npm:@tauri-apps/plugin-global-shortcut@~2.3.1": "2.3.1",
    "npm:@tauri-apps/plugin-log@^2.7.1": "2.7.1",
    "npm:@tauri-apps/plugin-os@^2.3.2": "2.3.2",
    "npm:@tauri-apps/plugin-process@^2.3.1": "2.3.1",
    "npm:@tauri-apps/plugin-shell@^2.3.3": "2.3.3",
    "npm:@vitejs/plugin-vue@6.0.1": "6.0.1_vite@7.1.12__picomatch@4.0.3_vue@3.5.22__typescript@5.9.3_typescript@5.9.3",
    "npm:chart.js@4.5.1": "4.5.1",
    "npm:color-convert@^3.1.3": "3.1.3",
    "npm:d3-force@3": "3.0.0",
    "npm:html2canvas@^1.4.1": "1.4.1",
    "npm:pinia@3.0.3": "3.0.3_typescript@5.9.3_vue@3.5.22__typescript@5.9.3",
    "npm:typescript@^5.9.3": "5.9.3",
    "npm:v-network-graph@0.9.21": "0.9.21_d3-force@3.0.0_vue@3.5.22__typescript@5.9.3_typescript@5.9.3",
    "npm:vite@7.1.12": "7.1.12_picomatch@4.0.3",
    "npm:vue-router@4.6.3": "4.6.3_vue@3.5.22__typescript@5.9.3_typescript@5.9.3",
    "npm:vue-tsc@^3.1.8": "3.1.8_typescript@5.9.3",
    "npm:vue@3.5.22": "3.5.22_typescript@5.9.3"
  },
  "npm": {
    "@babel/helper-string-parser@7.27.1": {
      "integrity": "sha512-qMlSxKbpRlAridDExk92nSobyDdpPijUq2DW6oDnUqd0iOGxmQjyqhMIihI9+zv4LPyZdRje2cavWPbCbWm3eA=="
    },
    "@babel/helper-validator-identifier@7.28.5": {
      "integrity": "sha512-qSs4ifwzKJSV39ucNjsvc6WVHs6b7S03sOh2OcHF9UHfVPqWWALUsNUVzhSBiItjRZoLHx7nIarVjqKVusUZ1Q=="
    },
    "@babel/parser@7.28.5": {
      "integrity": "sha512-KKBU1VGYR7ORr3At5HAtUQ+TV3SzRCXmA/8OdDZiLDBIZxVyzXuztPjfLd3BV1PRAQGCMWWSHYhL0F8d5uHBDQ==",
      "dependencies": [
        "@babel/types"
      ],
      "bin": true
    },
    "@babel/types@7.28.5": {
      "integrity": "sha512-qQ5m48eI/MFLQ5PxQj4PFaprjyCTLI37ElWMmNs0K8Lk3dVeOdNpB3ks8jc7yM5CDmVC73eMVk/trk3fgmrUpA==",
      "dependencies": [
        "@babel/helper-string-parser",
        "@babel/helper-validator-identifier"
      ]
    },
    "@dash14/svg-pan-zoom@3.6.9": {
      "integrity": "sha512-6u+KTQec+9+3bRdk2mReix8AGsp2mB40cw0iYfQQzo22QBkeCNpXl2amnfwQzK7xB9oH/62Wvf2z7l6l2w+csA=="
    },
    "@esbuild/aix-ppc64@0.25.12": {
      "integrity": "sha512-Hhmwd6CInZ3dwpuGTF8fJG6yoWmsToE+vYgD4nytZVxcu1ulHpUQRAB1UJ8+N1Am3Mz4+xOByoQoSZf4D+CpkA==",
      "os": ["aix"],
      "cpu": ["ppc64"]
    },
    "@esbuild/android-arm64@0.25.12": {
      "integrity": "sha512-6AAmLG7zwD1Z159jCKPvAxZd4y/VTO0VkprYy+3N2FtJ8+BQWFXU+OxARIwA46c5tdD9SsKGZ/1ocqBS/gAKHg==",
      "os": ["android"],
      "cpu": ["arm64"]
    },
    "@esbuild/android-arm@0.25.12": {
      "integrity": "sha512-VJ+sKvNA/GE7Ccacc9Cha7bpS8nyzVv0jdVgwNDaR4gDMC/2TTRc33Ip8qrNYUcpkOHUT5OZ0bUcNNVZQ9RLlg==",
      "os": ["android"],
      "cpu": ["arm"]
    },
    "@esbuild/android-x64@0.25.12": {
      "integrity": "sha512-5jbb+2hhDHx5phYR2By8GTWEzn6I9UqR11Kwf22iKbNpYrsmRB18aX/9ivc5cabcUiAT/wM+YIZ6SG9QO6a8kg==",
      "os": ["android"],
      "cpu": ["x64"]
    },
    "@esbuild/darwin-arm64@0.25.12": {
      "integrity": "sha512-N3zl+lxHCifgIlcMUP5016ESkeQjLj/959RxxNYIthIg+CQHInujFuXeWbWMgnTo4cp5XVHqFPmpyu9J65C1Yg==",
      "os": ["darwin"],
      "cpu": ["arm64"]
    },
    "@esbuild/darwin-x64@0.25.12": {
      "integrity": "sha512-HQ9ka4Kx21qHXwtlTUVbKJOAnmG1ipXhdWTmNXiPzPfWKpXqASVcWdnf2bnL73wgjNrFXAa3yYvBSd9pzfEIpA==",
      "os": ["darwin"],
      "cpu": ["x64"]
    },
    "@esbuild/freebsd-arm64@0.25.12": {
      "integrity": "sha512-gA0Bx759+7Jve03K1S0vkOu5Lg/85dou3EseOGUes8flVOGxbhDDh/iZaoek11Y8mtyKPGF3vP8XhnkDEAmzeg==",
      "os": ["freebsd"],
      "cpu": ["arm64"]
    },
    "@esbuild/freebsd-x64@0.25.12": {
      "integrity": "sha512-TGbO26Yw2xsHzxtbVFGEXBFH0FRAP7gtcPE7P5yP7wGy7cXK2oO7RyOhL5NLiqTlBh47XhmIUXuGciXEqYFfBQ==",
      "os": ["freebsd"],
      "cpu": ["x64"]
    },
    "@esbuild/linux-arm64@0.25.12": {
      "integrity": "sha512-8bwX7a8FghIgrupcxb4aUmYDLp8pX06rGh5HqDT7bB+8Rdells6mHvrFHHW2JAOPZUbnjUpKTLg6ECyzvas2AQ==",
      "os": ["linux"],
      "cpu": ["arm64"]
    },
    "@esbuild/linux-arm@0.25.12": {
      "integrity": "sha512-lPDGyC1JPDou8kGcywY0YILzWlhhnRjdof3UlcoqYmS9El818LLfJJc3PXXgZHrHCAKs/Z2SeZtDJr5MrkxtOw==",
      "os": ["linux"],
      "cpu": ["arm"]
    },
    "@esbuild/linux-ia32@0.25.12": {
      "integrity": "sha512-0y9KrdVnbMM2/vG8KfU0byhUN+EFCny9+8g202gYqSSVMonbsCfLjUO+rCci7pM0WBEtz+oK/PIwHkzxkyharA==",
      "os": ["linux"],
      "cpu": ["ia32"]
    },
    "@esbuild/linux-loong64@0.25.12": {
      "integrity": "sha512-h///Lr5a9rib/v1GGqXVGzjL4TMvVTv+s1DPoxQdz7l/AYv6LDSxdIwzxkrPW438oUXiDtwM10o9PmwS/6Z0Ng==",
      "os": ["linux"],
      "cpu": ["loong64"]
    },
    "@esbuild/linux-mips64el@0.25.12": {
      "integrity": "sha512-iyRrM1Pzy9GFMDLsXn1iHUm18nhKnNMWscjmp4+hpafcZjrr2WbT//d20xaGljXDBYHqRcl8HnxbX6uaA/eGVw==",
      "os": ["linux"],
      "cpu": ["mips64el"]
    },
    "@esbuild/linux-ppc64@0.25.12": {
      "integrity": "sha512-9meM/lRXxMi5PSUqEXRCtVjEZBGwB7P/D4yT8UG/mwIdze2aV4Vo6U5gD3+RsoHXKkHCfSxZKzmDssVlRj1QQA==",
      "os": ["linux"],
      "cpu": ["ppc64"]
    },
    "@esbuild/linux-riscv64@0.25.12": {
      "integrity": "sha512-Zr7KR4hgKUpWAwb1f3o5ygT04MzqVrGEGXGLnj15YQDJErYu/BGg+wmFlIDOdJp0PmB0lLvxFIOXZgFRrdjR0w==",
      "os": ["linux"],
      "cpu": ["riscv64"]
    },
    "@esbuild/linux-s390x@0.25.12": {
      "integrity": "sha512-MsKncOcgTNvdtiISc/jZs/Zf8d0cl/t3gYWX8J9ubBnVOwlk65UIEEvgBORTiljloIWnBzLs4qhzPkJcitIzIg==",
      "os": ["linux"],
      "cpu": ["s390x"]
    },
    "@esbuild/linux-x64@0.25.12": {
      "integrity": "sha512-uqZMTLr/zR/ed4jIGnwSLkaHmPjOjJvnm6TVVitAa08SLS9Z0VM8wIRx7gWbJB5/J54YuIMInDquWyYvQLZkgw==",
      "os": ["linux"],
      "cpu": ["x64"]
    },
    "@esbuild/netbsd-arm64@0.25.12": {
      "integrity": "sha512-xXwcTq4GhRM7J9A8Gv5boanHhRa/Q9KLVmcyXHCTaM4wKfIpWkdXiMog/KsnxzJ0A1+nD+zoecuzqPmCRyBGjg==",
      "os": ["netbsd"],
      "cpu": ["arm64"]
    },
    "@esbuild/netbsd-x64@0.25.12": {
      "integrity": "sha512-Ld5pTlzPy3YwGec4OuHh1aCVCRvOXdH8DgRjfDy/oumVovmuSzWfnSJg+VtakB9Cm0gxNO9BzWkj6mtO1FMXkQ==",
      "os": ["netbsd"],
      "cpu": ["x64"]
    },
    "@esbuild/openbsd-arm64@0.25.12": {
      "integrity": "sha512-fF96T6KsBo/pkQI950FARU9apGNTSlZGsv1jZBAlcLL1MLjLNIWPBkj5NlSz8aAzYKg+eNqknrUJ24QBybeR5A==",
      "os": ["openbsd"],
      "cpu": ["arm64"]
    },
    "@esbuild/openbsd-x64@0.25.12": {
      "integrity": "sha512-MZyXUkZHjQxUvzK7rN8DJ3SRmrVrke8ZyRusHlP+kuwqTcfWLyqMOE3sScPPyeIXN/mDJIfGXvcMqCgYKekoQw==",
      "os": ["openbsd"],
      "cpu": ["x64"]
    },
    "@esbuild/openharmony-arm64@0.25.12": {
      "integrity": "sha512-rm0YWsqUSRrjncSXGA7Zv78Nbnw4XL6/dzr20cyrQf7ZmRcsovpcRBdhD43Nuk3y7XIoW2OxMVvwuRvk9XdASg==",
      "os": ["openharmony"],
      "cpu": ["arm64"]
    },
    "@esbuild/sunos-x64@0.25.12": {
      "integrity": "sha512-3wGSCDyuTHQUzt0nV7bocDy72r2lI33QL3gkDNGkod22EsYl04sMf0qLb8luNKTOmgF/eDEDP5BFNwoBKH441w==",
      "os": ["sunos"],
      "cpu": ["x64"]
    },
    "@esbuild/win32-arm64@0.25.12": {
      "integrity": "sha512-rMmLrur64A7+DKlnSuwqUdRKyd3UE7oPJZmnljqEptesKM8wx9J8gx5u0+9Pq0fQQW8vqeKebwNXdfOyP+8Bsg==",
      "os": ["win32"],
      "cpu": ["arm64"]
    },
    "@esbuild/win32-ia32@0.25.12": {
      "integrity": "sha512-HkqnmmBoCbCwxUKKNPBixiWDGCpQGVsrQfJoVGYLPT41XWF8lHuE5N6WhVia2n4o5QK5M4tYr21827fNhi4byQ==",
      "os": ["win32"],
      "cpu": ["ia32"]
    },
    "@esbuild/win32-x64@0.25.12": {
      "integrity": "sha512-alJC0uCZpTFrSL0CCDjcgleBXPnCrEAhTBILpeAp7M/OFgoqtAetfBzX0xM00MUsVVPpVjlPuMbREqnZCXaTnA==",
      "os": ["win32"],
      "cpu": ["x64"]
    },
    "@jridgewell/sourcemap-codec@1.5.5": {
      "integrity": "sha512-cYQ9310grqxueWbl+WuIUIaiUaDcj7WOq5fVhEljNVgRfOUhY9fy2zTvfoqWsnebh8Sl70VScFbICvJnLKB0Og=="
    },
    "@kurkle/color@0.3.4": {
      "integrity": "sha512-M5UknZPHRu3DEDWoipU6sE8PdkZ6Z/S+v4dD+Ke8IaNlpdSQah50lz1KtcFBa2vsdOnwbbnxJwVM4wty6udA5w=="
    },
    "@rolldown/pluginutils@1.0.0-beta.29": {
      "integrity": "sha512-NIJgOsMjbxAXvoGq/X0gD7VPMQ8j9g0BiDaNjVNVjvl+iKXxL3Jre0v31RmBYeLEmkbj2s02v8vFTbUXi5XS2Q=="
    },
    "@rollup/rollup-android-arm-eabi@4.52.5": {
      "integrity": "sha512-8c1vW4ocv3UOMp9K+gToY5zL2XiiVw3k7f1ksf4yO1FlDFQ1C2u72iACFnSOceJFsWskc2WZNqeRhFRPzv+wtQ==",
      "os": ["android"],
      "cpu": ["arm"]
    },
    "@rollup/rollup-android-arm64@4.52.5": {
      "integrity": "sha512-mQGfsIEFcu21mvqkEKKu2dYmtuSZOBMmAl5CFlPGLY94Vlcm+zWApK7F/eocsNzp8tKmbeBP8yXyAbx0XHsFNA==",
      "os": ["android"],
      "cpu": ["arm64"]
    },
    "@rollup/rollup-darwin-arm64@4.52.5": {
      "integrity": "sha512-takF3CR71mCAGA+v794QUZ0b6ZSrgJkArC+gUiG6LB6TQty9T0Mqh3m2ImRBOxS2IeYBo4lKWIieSvnEk2OQWA==",
      "os": ["darwin"],
      "cpu": ["arm64"]
    },
    "@rollup/rollup-darwin-x64@4.52.5": {
      "integrity": "sha512-W901Pla8Ya95WpxDn//VF9K9u2JbocwV/v75TE0YIHNTbhqUTv9w4VuQ9MaWlNOkkEfFwkdNhXgcLqPSmHy0fA==",
      "os": ["darwin"],
      "cpu": ["x64"]
    },
    "@rollup/rollup-freebsd-arm64@4.52.5": {
      "integrity": "sha512-QofO7i7JycsYOWxe0GFqhLmF6l1TqBswJMvICnRUjqCx8b47MTo46W8AoeQwiokAx3zVryVnxtBMcGcnX12LvA==",
      "os": ["freebsd"],
      "cpu": ["arm64"]
    },
    "@rollup/rollup-freebsd-x64@4.52.5": {
      "integrity": "sha512-jr21b/99ew8ujZubPo9skbrItHEIE50WdV86cdSoRkKtmWa+DDr6fu2c/xyRT0F/WazZpam6kk7IHBerSL7LDQ==",
      "os": ["freebsd"],
      "cpu": ["x64"]
    },
    "@rollup/rollup-linux-arm-gnueabihf@4.52.5": {
      "integrity": "sha512-PsNAbcyv9CcecAUagQefwX8fQn9LQ4nZkpDboBOttmyffnInRy8R8dSg6hxxl2Re5QhHBf6FYIDhIj5v982ATQ==",
      "os": ["linux"],
      "cpu": ["arm"]
    },
    "@rollup/rollup-linux-arm-musleabihf@4.52.5": {
      "integrity": "sha512-Fw4tysRutyQc/wwkmcyoqFtJhh0u31K+Q6jYjeicsGJJ7bbEq8LwPWV/w0cnzOqR2m694/Af6hpFayLJZkG2VQ==",
      "os": ["linux"],
      "cpu": ["arm"]
    },
    "@rollup/rollup-linux-arm64-gnu@4.52.5": {
      "integrity": "sha512-a+3wVnAYdQClOTlyapKmyI6BLPAFYs0JM8HRpgYZQO02rMR09ZcV9LbQB+NL6sljzG38869YqThrRnfPMCDtZg==",
      "os": ["linux"],
      "cpu": ["arm64"]
    },
    "@rollup/rollup-linux-arm64-musl@4.52.5": {
      "integrity": "sha512-AvttBOMwO9Pcuuf7m9PkC1PUIKsfaAJ4AYhy944qeTJgQOqJYJ9oVl2nYgY7Rk0mkbsuOpCAYSs6wLYB2Xiw0Q==",
      "os": ["linux"],
      "cpu": ["arm64"]
    },
    "@rollup/rollup-linux-loong64-gnu@4.52.5": {
      "integrity": "sha512-DkDk8pmXQV2wVrF6oq5tONK6UHLz/XcEVow4JTTerdeV1uqPeHxwcg7aFsfnSm9L+OO8WJsWotKM2JJPMWrQtA==",
      "os": ["linux"],
      "cpu": ["loong64"]
    },
    "@rollup/rollup-linux-ppc64-gnu@4.52.5": {
      "integrity": "sha512-W/b9ZN/U9+hPQVvlGwjzi+Wy4xdoH2I8EjaCkMvzpI7wJUs8sWJ03Rq96jRnHkSrcHTpQe8h5Tg3ZzUPGauvAw==",
      "os": ["linux"],
      "cpu": ["ppc64"]
    },
    "@rollup/rollup-linux-riscv64-gnu@4.52.5": {
      "integrity": "sha512-sjQLr9BW7R/ZiXnQiWPkErNfLMkkWIoCz7YMn27HldKsADEKa5WYdobaa1hmN6slu9oWQbB6/jFpJ+P2IkVrmw==",
      "os": ["linux"],
      "cpu": ["riscv64"]
    },
    "@rollup/rollup-linux-riscv64-musl@4.52.5": {
      "integrity": "sha512-hq3jU/kGyjXWTvAh2awn8oHroCbrPm8JqM7RUpKjalIRWWXE01CQOf/tUNWNHjmbMHg/hmNCwc/Pz3k1T/j/Lg==",
      "os": ["linux"],
      "cpu": ["riscv64"]
    },
    "@rollup/rollup-linux-s390x-gnu@4.52.5": {
      "integrity": "sha512-gn8kHOrku8D4NGHMK1Y7NA7INQTRdVOntt1OCYypZPRt6skGbddska44K8iocdpxHTMMNui5oH4elPH4QOLrFQ==",
      "os": ["linux"],
      "cpu": ["s390x"]
    },
    "@rollup/rollup-linux-x64-gnu@4.52.5": {
      "integrity": "sha512-hXGLYpdhiNElzN770+H2nlx+jRog8TyynpTVzdlc6bndktjKWyZyiCsuDAlpd+j+W+WNqfcyAWz9HxxIGfZm1Q==",
      "os": ["linux"],
      "cpu": ["x64"]
    },
    "@rollup/rollup-linux-x64-musl@4.52.5": {
      "integrity": "sha512-arCGIcuNKjBoKAXD+y7XomR9gY6Mw7HnFBv5Rw7wQRvwYLR7gBAgV7Mb2QTyjXfTveBNFAtPt46/36vV9STLNg==",
      "os": ["linux"],
      "cpu": ["x64"]
    },
    "@rollup/rollup-openharmony-arm64@4.52.5": {
      "integrity": "sha512-QoFqB6+/9Rly/RiPjaomPLmR/13cgkIGfA40LHly9zcH1S0bN2HVFYk3a1eAyHQyjs3ZJYlXvIGtcCs5tko9Cw==",
      "os": ["openharmony"],
      "cpu": ["arm64"]
    },
    "@rollup/rollup-win32-arm64-msvc@4.52.5": {
      "integrity": "sha512-w0cDWVR6MlTstla1cIfOGyl8+qb93FlAVutcor14Gf5Md5ap5ySfQ7R9S/NjNaMLSFdUnKGEasmVnu3lCMqB7w==",
      "os": ["win32"],
      "cpu": ["arm64"]
    },
    "@rollup/rollup-win32-ia32-msvc@4.52.5": {
      "integrity": "sha512-Aufdpzp7DpOTULJCuvzqcItSGDH73pF3ko/f+ckJhxQyHtp67rHw3HMNxoIdDMUITJESNE6a8uh4Lo4SLouOUg==",
      "os": ["win32"],
      "cpu": ["ia32"]
    },
    "@rollup/rollup-win32-x64-gnu@4.52.5": {
      "integrity": "sha512-UGBUGPFp1vkj6p8wCRraqNhqwX/4kNQPS57BCFc8wYh0g94iVIW33wJtQAx3G7vrjjNtRaxiMUylM0ktp/TRSQ==",
      "os": ["win32"],
      "cpu": ["x64"]
    },
    "@rollup/rollup-win32-x64-msvc@4.52.5": {
      "integrity": "sha512-TAcgQh2sSkykPRWLrdyy2AiceMckNf5loITqXxFI5VuQjS5tSuw3WlwdN8qv8vzjLAUTvYaH/mVjSFpbkFbpTg==",
      "os": ["win32"],
      "cpu": ["x64"]
    },
    "@tauri-apps/api@2.9.1": {
      "integrity": "sha512-IGlhP6EivjXHepbBic618GOmiWe4URJiIeZFlB7x3czM0yDHHYviH1Xvoiv4FefdkQtn6v7TuwWCRfOGdnVUGw=="
    },
    "@tauri-apps/cli-darwin-arm64@2.9.6": {
      "integrity": "sha512-gf5no6N9FCk1qMrti4lfwP77JHP5haASZgVbBgpZG7BUepB3fhiLCXGUK8LvuOjP36HivXewjg72LTnPDScnQQ==",
      "os": ["darwin"],
      "cpu": ["arm64"]
    },
    "@tauri-apps/cli-darwin-x64@2.9.6": {
      "integrity": "sha512-oWh74WmqbERwwrwcueJyY6HYhgCksUc6NT7WKeXyrlY/FPmNgdyQAgcLuTSkhRFuQ6zh4Np1HZpOqCTpeZBDcw==",
      "os": ["darwin"],
      "cpu": ["x64"]
    },
    "@tauri-apps/cli-linux-arm-gnueabihf@2.9.6": {
      "integrity": "sha512-/zde3bFroFsNXOHN204DC2qUxAcAanUjVXXSdEGmhwMUZeAQalNj5cz2Qli2elsRjKN/hVbZOJj0gQ5zaYUjSg==",
      "os": ["linux"],
      "cpu": ["arm"]
    },
    "@tauri-apps/cli-linux-arm64-gnu@2.9.6": {
      "integrity": "sha512-pvbljdhp9VOo4RnID5ywSxgBs7qiylTPlK56cTk7InR3kYSTJKYMqv/4Q/4rGo/mG8cVppesKIeBMH42fw6wjg==",
      "os": ["linux"],
      "cpu": ["arm64"]
    },
    "@tauri-apps/cli-linux-arm64-musl@2.9.6": {
      "integrity": "sha512-02TKUndpodXBCR0oP//6dZWGYcc22Upf2eP27NvC6z0DIqvkBBFziQUcvi2n6SrwTRL0yGgQjkm9K5NIn8s6jw==",
      "os": ["linux"],
      "cpu": ["arm64"]
    },
    "@tauri-apps/cli-linux-riscv64-gnu@2.9.6": {
      "integrity": "sha512-fmp1hnulbqzl1GkXl4aTX9fV+ubHw2LqlLH1PE3BxZ11EQk+l/TmiEongjnxF0ie4kV8DQfDNJ1KGiIdWe1GvQ==",
      "os": ["linux"],
      "cpu": ["riscv64"]
    },
    "@tauri-apps/cli-linux-x64-gnu@2.9.6": {
      "integrity": "sha512-vY0le8ad2KaV1PJr+jCd8fUF9VOjwwQP/uBuTJvhvKTloEwxYA/kAjKK9OpIslGA9m/zcnSo74czI6bBrm2sYA==",
      "os": ["linux"],
      "cpu": ["x64"]
    },
    "@tauri-apps/cli-linux-x64-musl@2.9.6": {
      "integrity": "sha512-TOEuB8YCFZTWVDzsO2yW0+zGcoMiPPwcUgdnW1ODnmgfwccpnihDRoks+ABT1e3fHb1ol8QQWsHSCovb3o2ENQ==",
      "os": ["linux"],
      "cpu": ["x64"]
    },
    "@tauri-apps/cli-win32-arm64-msvc@2.9.6": {
      "integrity": "sha512-ujmDGMRc4qRLAnj8nNG26Rlz9klJ0I0jmZs2BPpmNNf0gM/rcVHhqbEkAaHPTBVIrtUdf7bGvQAD2pyIiUrBHQ==",
      "os": ["win32"],
      "cpu": ["arm64"]
    },
    "@tauri-apps/cli-win32-ia32-msvc@2.9.6": {
      "integrity": "sha512-S4pT0yAJgFX8QRCyKA1iKjZ9Q/oPjCZf66A/VlG5Yw54Nnr88J1uBpmenINbXxzyhduWrIXBaUbEY1K80ZbpMg==",
      "os": ["win32"],
      "cpu": ["ia32"]
    },
    "@tauri-apps/cli-win32-x64-msvc@2.9.6": {
      "integrity": "sha512-ldWuWSSkWbKOPjQMJoYVj9wLHcOniv7diyI5UAJ4XsBdtaFB0pKHQsqw/ItUma0VXGC7vB4E9fZjivmxur60aw==",
      "os": ["win32"],
      "cpu": ["x64"]
    },
    "@tauri-apps/cli@2.9.6": {
      "integrity": "sha512-3xDdXL5omQ3sPfBfdC8fCtDKcnyV7OqyzQgfyT5P3+zY6lcPqIYKQBvUasNvppi21RSdfhy44ttvJmftb0PCDw==",
      "optionalDependencies": [
        "@tauri-apps/cli-darwin-arm64",
        "@tauri-apps/cli-darwin-x64",
        "@tauri-apps/cli-linux-arm-gnueabihf",
        "@tauri-apps/cli-linux-arm64-gnu",
        "@tauri-apps/cli-linux-arm64-musl",
        "@tauri-apps/cli-linux-riscv64-gnu",
        "@tauri-apps/cli-linux-x64-gnu",
        "@tauri-apps/cli-linux-x64-musl",
        "@tauri-apps/cli-win32-arm64-msvc",
        "@tauri-apps/cli-win32-ia32-msvc",
        "@tauri-apps/cli-win32-x64-msvc"
      ],
      "bin": true
    },
    "@tauri-apps/plugin-cli@2.4.1": {
      "integrity": "sha512-8JXofQFI5cmiGolh1PlU4hzE2YJgrgB1lyaztyBYiiMCy13luVxBXaXChYPeqMkUo46J1UadxvYdjRjj0E8zaw==",
      "dependencies": [
        "@tauri-apps/api"
      ]
    },
    "@tauri-apps/plugin-dialog@2.4.2": {
      "integrity": "sha512-lNIn5CZuw8WZOn8zHzmFmDSzg5zfohWoa3mdULP0YFh/VogVdMVWZPcWSHlydsiJhRQYaTNSYKN7RmZKE2lCYQ==",
      "dependencies": [
        "@tauri-apps/api"
      ]
    },
    "@tauri-apps/plugin-fs@2.4.4": {
      "integrity": "sha512-MTorXxIRmOnOPT1jZ3w96vjSuScER38ryXY88vl5F0uiKdnvTKKTtaEjTEo8uPbl4e3gnUtfsDVwC7h77GQLvQ==",
      "dependencies": [
        "@tauri-apps/api"
      ]
    },
    "@tauri-apps/plugin-global-shortcut@2.3.1": {
      "integrity": "sha512-vr40W2N6G63dmBPaha1TsBQLLURXG538RQbH5vAm0G/ovVZyXJrmZR1HF1W+WneNloQvwn4dm8xzwpEXRW560g==",
      "dependencies": [
        "@tauri-apps/api"
      ]
    },
    "@tauri-apps/plugin-log@2.7.1": {
      "integrity": "sha512-jdb+o0wxQc8PjnLktgGpOs9Dh1YupaOGDXzO+Y8peA1UZ1ep3eXv4E1oiJ7nIQVN0XUFDDhnn3aBszl8ijhR+A==",
      "dependencies": [
        "@tauri-apps/api"
      ]
    },
    "@tauri-apps/plugin-os@2.3.2": {
      "integrity": "sha512-n+nXWeuSeF9wcEsSPmRnBEGrRgOy6jjkSU+UVCOV8YUGKb2erhDOxis7IqRXiRVHhY8XMKks00BJ0OAdkpf6+A==",
      "dependencies": [
        "@tauri-apps/api"
      ]
    },
    "@tauri-apps/plugin-process@2.3.1": {
      "integrity": "sha512-nCa4fGVaDL/B9ai03VyPOjfAHRHSBz5v6F/ObsB73r/dA3MHHhZtldaDMIc0V/pnUw9ehzr2iEG+XkSEyC0JJA==",
      "dependencies": [
        "@tauri-apps/api"
      ]
    },
    "@tauri-apps/plugin-shell@2.3.3": {
      "integrity": "sha512-Xod+pRcFxmOWFWEnqH5yZcA7qwAMuaaDkMR1Sply+F8VfBj++CGnj2xf5UoialmjZ2Cvd8qrvSCbU+7GgNVsKQ==",
      "dependencies": [
        "@tauri-apps/api"
      ]
    },
    "@types/estree@1.0.8": {
      "integrity": "sha512-dWHzHa2WqEXI/O1E9OjrocMTKJl2mSrEolh1Iomrv6U+JuNwaHXsXx9bLu5gG7BUWFIN0skIQJQ/L1rIex4X6w=="
    },
    "@vitejs/plugin-vue@6.0.1_vite@7.1.12__picomatch@4.0.3_vue@3.5.22__typescript@5.9.3_typescript@5.9.3": {
      "integrity": "sha512-+MaE752hU0wfPFJEUAIxqw18+20euHHdxVtMvbFcOEpjEyfqXH/5DCoTHiVJ0J29EhTJdoTkjEv5YBKU9dnoTw==",
      "dependencies": [
        "@rolldown/pluginutils",
        "vite",
        "vue"
      ]
    },
    "@volar/language-core@2.4.26": {
      "integrity": "sha512-hH0SMitMxnB43OZpyF1IFPS9bgb2I3bpCh76m2WEK7BE0A0EzpYsRp0CCH2xNKshr7kacU5TQBLYn4zj7CG60A==",
      "dependencies": [
        "@volar/source-map"
      ]
    },
    "@volar/source-map@2.4.26": {
      "integrity": "sha512-JJw0Tt/kSFsIRmgTQF4JSt81AUSI1aEye5Zl65EeZ8H35JHnTvFGmpDOBn5iOxd48fyGE+ZvZBp5FcgAy/1Qhw=="
    },
    "@volar/typescript@2.4.26": {
      "integrity": "sha512-N87ecLD48Sp6zV9zID/5yuS1+5foj0DfuYGdQ6KHj/IbKvyKv1zNX6VCmnKYwtmHadEO6mFc2EKISiu3RDPAvA==",
      "dependencies": [
        "@volar/language-core",
        "path-browserify",
        "vscode-uri"
      ]
    },
    "@vue/compiler-core@3.5.22": {
      "integrity": "sha512-jQ0pFPmZwTEiRNSb+i9Ow/I/cHv2tXYqsnHKKyCQ08irI2kdF5qmYedmF8si8mA7zepUFmJ2hqzS8CQmNOWOkQ==",
      "dependencies": [
        "@babel/parser",
        "@vue/shared",
        "entities",
        "estree-walker",
        "source-map-js"
      ]
    },
    "@vue/compiler-dom@3.5.22": {
      "integrity": "sha512-W8RknzUM1BLkypvdz10OVsGxnMAuSIZs9Wdx1vzA3mL5fNMN15rhrSCLiTm6blWeACwUwizzPVqGJgOGBEN/hA==",
      "dependencies": [
        "@vue/compiler-core",
        "@vue/shared"
      ]
    },
    "@vue/compiler-sfc@3.5.22": {
      "integrity": "sha512-tbTR1zKGce4Lj+JLzFXDq36K4vcSZbJ1RBu8FxcDv1IGRz//Dh2EBqksyGVypz3kXpshIfWKGOCcqpSbyGWRJQ==",
      "dependencies": [
        "@babel/parser",
        "@vue/compiler-core",
        "@vue/compiler-dom",
        "@vue/compiler-ssr",
        "@vue/shared",
        "estree-walker",
        "magic-string",
        "postcss",
        "source-map-js"
      ]
    },
    "@vue/compiler-ssr@3.5.22": {
      "integrity": "sha512-GdgyLvg4R+7T8Nk2Mlighx7XGxq/fJf9jaVofc3IL0EPesTE86cP/8DD1lT3h1JeZr2ySBvyqKQJgbS54IX1Ww==",
      "dependencies": [
        "@vue/compiler-dom",
        "@vue/shared"
      ]
    },
    "@vue/devtools-api@6.6.4": {
      "integrity": "sha512-sGhTPMuXqZ1rVOk32RylztWkfXTRhuS7vgAKv0zjqk8gbsHkJ7xfFf+jbySxt7tWObEJwyKaHMikV/WGDiQm8g=="
    },
    "@vue/devtools-api@7.7.7": {
      "integrity": "sha512-lwOnNBH2e7x1fIIbVT7yF5D+YWhqELm55/4ZKf45R9T8r9dE2AIOy8HKjfqzGsoTHFbWbr337O4E0A0QADnjBg==",
      "dependencies": [
        "@vue/devtools-kit"
      ]
    },
    "@vue/devtools-kit@7.7.7": {
      "integrity": "sha512-wgoZtxcTta65cnZ1Q6MbAfePVFxfM+gq0saaeytoph7nEa7yMXoi6sCPy4ufO111B9msnw0VOWjPEFCXuAKRHA==",
      "dependencies": [
        "@vue/devtools-shared",
        "birpc",
        "hookable",
        "mitt",
        "perfect-debounce",
        "speakingurl",
        "superjson"
      ]
    },
    "@vue/devtools-shared@7.7.7": {
      "integrity": "sha512-+udSj47aRl5aKb0memBvcUG9koarqnxNM5yjuREvqwK6T3ap4mn3Zqqc17QrBFTqSMjr3HK1cvStEZpMDpfdyw==",
      "dependencies": [
        "rfdc"
      ]
    },
    "@vue/language-core@3.1.8_typescript@5.9.3": {
      "integrity": "sha512-PfwAW7BLopqaJbneChNL6cUOTL3GL+0l8paYP5shhgY5toBNidWnMXWM+qDwL7MC9+zDtzCF2enT8r6VPu64iw==",
      "dependencies": [
        "@volar/language-core",
        "@vue/compiler-dom",
        "@vue/shared",
        "alien-signals",
        "muggle-string",
        "path-browserify",
        "picomatch",
        "typescript"
      ],
      "optionalPeers": [
        "typescript"
      ]
    },
    "@vue/reactivity@3.5.22": {
      "integrity": "sha512-f2Wux4v/Z2pqc9+4SmgZC1p73Z53fyD90NFWXiX9AKVnVBEvLFOWCEgJD3GdGnlxPZt01PSlfmLqbLYzY/Fw4A==",
      "dependencies": [
        "@vue/shared"
      ]
    },
    "@vue/runtime-core@3.5.22": {
      "integrity": "sha512-EHo4W/eiYeAzRTN5PCextDUZ0dMs9I8mQ2Fy+OkzvRPUYQEyK9yAjbasrMCXbLNhF7P0OUyivLjIy0yc6VrLJQ==",
      "dependencies": [
        "@vue/reactivity",
        "@vue/shared"
      ]
    },
    "@vue/runtime-dom@3.5.22": {
      "integrity": "sha512-Av60jsryAkI023PlN7LsqrfPvwfxOd2yAwtReCjeuugTJTkgrksYJJstg1e12qle0NarkfhfFu1ox2D+cQotww==",
      "dependencies": [
        "@vue/reactivity",
        "@vue/runtime-core",
        "@vue/shared",
        "csstype"
      ]
    },
    "@vue/server-renderer@3.5.22_vue@3.5.22__typescript@5.9.3_typescript@5.9.3": {
      "integrity": "sha512-gXjo+ao0oHYTSswF+a3KRHZ1WszxIqO7u6XwNHqcqb9JfyIL/pbWrrh/xLv7jeDqla9u+LK7yfZKHih1e1RKAQ==",
      "dependencies": [
        "@vue/compiler-ssr",
        "@vue/shared",
        "vue"
      ]
    },
    "@vue/shared@3.5.22": {
      "integrity": "sha512-F4yc6palwq3TT0u+FYf0Ns4Tfl9GRFURDN2gWG7L1ecIaS/4fCIuFOjMTnCyjsu/OK6vaDKLCrGAa+KvvH+h4w=="
    },
    "alien-signals@3.1.1": {
      "integrity": "sha512-ogkIWbVrLwKtHY6oOAXaYkAxP+cTH7V5FZ5+Tm4NZFd8VDZ6uNMDrfzqctTZ42eTMCSR3ne3otpcxmqSnFfPYA=="
    },
    "base64-arraybuffer@1.0.2": {
      "integrity": "sha512-I3yl4r9QB5ZRY3XuJVEPfc2XhZO6YweFPI+UovAzn+8/hb3oJ6lnysaFcjVpkCPfVWFUDvoZ8kmVDP7WyRtYtQ=="
    },
    "birpc@2.7.0": {
      "integrity": "sha512-tub/wFGH49vNCm0xraykcY3TcRgX/3JsALYq/Lwrtti+bTyFHkCUAWF5wgYoie8P41wYwig2mIKiqoocr1EkEQ=="
    },
    "chart.js@4.5.1": {
      "integrity": "sha512-GIjfiT9dbmHRiYi6Nl2yFCq7kkwdkp1W/lp2J99rX0yo9tgJGn3lKQATztIjb5tVtevcBtIdICNWqlq5+E8/Pw==",
      "dependencies": [
        "@kurkle/color"
      ]
    },
    "color-convert@3.1.3": {
      "integrity": "sha512-fasDH2ont2GqF5HpyO4w0+BcewlhHEZOFn9c1ckZdHpJ56Qb7MHhH/IcJZbBGgvdtwdwNbLvxiBEdg336iA9Sg==",
      "dependencies": [
        "color-name"
      ]
    },
    "color-name@2.1.0": {
      "integrity": "sha512-1bPaDNFm0axzE4MEAzKPuqKWeRaT43U/hyxKPBdqTfmPF+d6n7FSoTFxLVULUJOmiLp01KjhIPPH+HrXZJN4Rg=="
    },
    "copy-anything@4.0.5": {
      "integrity": "sha512-7Vv6asjS4gMOuILabD3l739tsaxFQmC+a7pLZm02zyvs8p977bL3zEgq3yDk5rn9B0PbYgIv++jmHcuUab4RhA==",
      "dependencies": [
        "is-what"
      ]
    },
    "css-line-break@2.1.0": {
      "integrity": "sha512-FHcKFCZcAha3LwfVBhCQbW2nCNbkZXn7KVUJcsT5/P8YmfsVja0FMPJr0B903j/E69HUphKiV9iQArX8SDYA4w==",
      "dependencies": [
        "utrie"
      ]
    },
    "csstype@3.1.3": {
      "integrity": "sha512-M1uQkMl8rQK/szD0LNhtqxIPLpimGm8sOBwU7lLnCpSbTyY3yeU1Vc7l4KT5zT4s/yOxHH5O7tIuuLOCnLADRw=="
    },
    "d3-dispatch@3.0.1": {
      "integrity": "sha512-rzUyPU/S7rwUflMyLc1ETDeBj0NRuHKKAcvukozwhshr6g6c5d8zh4c2gQjY2bZ0dXeGLWc1PF174P2tVvKhfg=="
    },
    "d3-force@3.0.0": {
      "integrity": "sha512-zxV/SsA+U4yte8051P4ECydjD/S+qeYtnaIyAs9tgHCqfguma/aAQDjo85A9Z6EKhBirHRJHXIgJUlffT4wdLg==",
      "dependencies": [
        "d3-dispatch",
        "d3-quadtree",
        "d3-timer"
      ]
    },
    "d3-quadtree@3.0.1": {
      "integrity": "sha512-04xDrxQTDTCFwP5H6hRhsRcb9xxv2RzkcsygFzmkSIOJy3PeRJP7sNk3VRIbKXcog561P9oU0/rVH6vDROAgUw=="
    },
    "d3-timer@3.0.1": {
      "integrity": "sha512-ndfJ/JxxMd3nw31uyKoY2naivF+r29V+Lc0svZxe1JvvIRmi8hUsrMvdOwgS1o6uBHmiz91geQ0ylPP0aj1VUA=="
    },
    "entities@4.5.0": {
      "integrity": "sha512-V0hjH4dGPh9Ao5p0MoRY6BVqtwCjhz6vI5LT8AJ55H+4g9/4vbHx1I54fS0XuclLhDHArPQCiMjDxjaL8fPxhw=="
    },
    "esbuild@0.25.12": {
      "integrity": "sha512-bbPBYYrtZbkt6Os6FiTLCTFxvq4tt3JKall1vRwshA3fdVztsLAatFaZobhkBC8/BrPetoa0oksYoKXoG4ryJg==",
      "optionalDependencies": [
        "@esbuild/aix-ppc64",
        "@esbuild/android-arm",
        "@esbuild/android-arm64",
        "@esbuild/android-x64",
        "@esbuild/darwin-arm64",
        "@esbuild/darwin-x64",
        "@esbuild/freebsd-arm64",
        "@esbuild/freebsd-x64",
        "@esbuild/linux-arm",
        "@esbuild/linux-arm64",
        "@esbuild/linux-ia32",
        "@esbuild/linux-loong64",
        "@esbuild/linux-mips64el",
        "@esbuild/linux-ppc64",
        "@esbuild/linux-riscv64",
        "@esbuild/linux-s390x",
        "@esbuild/linux-x64",
        "@esbuild/netbsd-arm64",
        "@esbuild/netbsd-x64",
        "@esbuild/openbsd-arm64",
        "@esbuild/openbsd-x64",
        "@esbuild/openharmony-arm64",
        "@esbuild/sunos-x64",
        "@esbuild/win32-arm64",
        "@esbuild/win32-ia32",
        "@esbuild/win32-x64"
      ],
      "scripts": true,
      "bin": true
    },
    "estree-walker@2.0.2": {
      "integrity": "sha512-Rfkk/Mp/DL7JVje3u18FxFujQlTNR2q6QfMSMB7AvCBx91NGj/ba3kCfza0f6dVDbw7YlRf/nDrn7pQrCCyQ/w=="
    },
    "fdir@6.5.0_picomatch@4.0.3": {
      "integrity": "sha512-tIbYtZbucOs0BRGqPJkshJUYdL+SDH7dVM8gjy+ERp3WAUjLEFJE+02kanyHtwjWOnwrKYBiwAmM0p4kLJAnXg==",
      "dependencies": [
        "picomatch"
      ],
      "optionalPeers": [
        "picomatch"
      ]
    },
    "fsevents@2.3.3": {
      "integrity": "sha512-5xoDfX+fL7faATnagmWPpbFtwh/R77WmMMqqHGS65C3vvB0YHrgF+B1YmZ3441tMj5n63k0212XNoJwzlhffQw==",
      "os": ["darwin"],
      "scripts": true
    },
    "hookable@5.5.3": {
      "integrity": "sha512-Yc+BQe8SvoXH1643Qez1zqLRmbA5rCL+sSmk6TVos0LWVfNIB7PGncdlId77WzLGSIB5KaWgTaNTs2lNVEI6VQ=="
    },
    "html2canvas@1.4.1": {
      "integrity": "sha512-fPU6BHNpsyIhr8yyMpTLLxAbkaK8ArIBcmZIRiBLiDhjeqvXolaEmDGmELFuX9I4xDcaKKcJl+TKZLqruBbmWA==",
      "dependencies": [
        "css-line-break",
        "text-segmentation"
      ]
    },
    "is-what@5.5.0": {
      "integrity": "sha512-oG7cgbmg5kLYae2N5IVd3jm2s+vldjxJzK1pcu9LfpGuQ93MQSzo0okvRna+7y5ifrD+20FE8FvjusyGaz14fw=="
    },
    "lodash-es@4.17.21": {
      "integrity": "sha512-mKnC+QJ9pWVzv+C4/U3rRsHapFfHvQFoFB92e52xeyGMcX6/OlIl78je1u8vePzYZSkkogMPJ2yjxxsb89cxyw=="
    },
    "magic-string@0.30.21": {
      "integrity": "sha512-vd2F4YUyEXKGcLHoq+TEyCjxueSeHnFxyyjNp80yg0XV4vUhnDer/lvvlqM/arB5bXQN5K2/3oinyCRyx8T2CQ==",
      "dependencies": [
        "@jridgewell/sourcemap-codec"
      ]
    },
    "mitt@3.0.1": {
      "integrity": "sha512-vKivATfr97l2/QBCYAkXYDbrIWPM2IIKEl7YPhjCvKlG3kE2gm+uBo6nEXK3M5/Ffh/FLpKExzOQ3JJoJGFKBw=="
    },
    "muggle-string@0.4.1": {
      "integrity": "sha512-VNTrAak/KhO2i8dqqnqnAHOa3cYBwXEZe9h+D5h/1ZqFSTEFHdM65lR7RoIqq3tBBYavsOXV84NoHXZ0AkPyqQ=="
    },
    "nanoid@3.3.11": {
      "integrity": "sha512-N8SpfPUnUp1bK+PMYW8qSWdl9U+wwNWI4QKxOYDy9JAro3WMX7p2OeVRF9v+347pnakNevPmiHhNmZ2HbFA76w==",
      "bin": true
    },
    "path-browserify@1.0.1": {
      "integrity": "sha512-b7uo2UCUOYZcnF/3ID0lulOJi/bafxa1xPe7ZPsammBSpjSWQkjNxlt635YGS2MiR9GjvuXCtz2emr3jbsz98g=="
    },
    "perfect-debounce@1.0.0": {
      "integrity": "sha512-xCy9V055GLEqoFaHoC1SoLIaLmWctgCUaBaWxDZ7/Zx4CTyX7cJQLJOok/orfjZAh9kEYpjJa4d0KcJmCbctZA=="
    },
    "picocolors@1.1.1": {
      "integrity": "sha512-xceH2snhtb5M9liqDsmEw56le376mTZkEX/jEb/RxNFyegNul7eNslCXP9FDj/Lcu0X8KEyMceP2ntpaHrDEVA=="
    },
    "picomatch@4.0.3": {
      "integrity": "sha512-5gTmgEY/sqK6gFXLIsQNH19lWb4ebPDLA4SdLP7dsWkIXHWlG66oPuVvXSGFPppYZz8ZDZq0dYYrbHfBCVUb1Q=="
    },
    "pinia@3.0.3_typescript@5.9.3_vue@3.5.22__typescript@5.9.3": {
      "integrity": "sha512-ttXO/InUULUXkMHpTdp9Fj4hLpD/2AoJdmAbAeW2yu1iy1k+pkFekQXw5VpC0/5p51IOR/jDaDRfRWRnMMsGOA==",
      "dependencies": [
        "@vue/devtools-api@7.7.7",
        "typescript",
        "vue"
      ],
      "optionalPeers": [
        "typescript"
      ]
    },
    "postcss@8.5.6": {
      "integrity": "sha512-3Ybi1tAuwAP9s0r1UQ2J4n5Y0G05bJkpUIO0/bI9MhwmD70S5aTWbXGBwxHrelT+XM1k6dM0pk+SwNkpTRN7Pg==",
      "dependencies": [
        "nanoid",
        "picocolors",
        "source-map-js"
      ]
    },
    "rfdc@1.4.1": {
      "integrity": "sha512-q1b3N5QkRUWUl7iyylaaj3kOpIT0N2i9MqIEQXP73GVsN9cw3fdx8X63cEmWhJGi2PPCF23Ijp7ktmd39rawIA=="
    },
    "rollup@4.52.5": {
      "integrity": "sha512-3GuObel8h7Kqdjt0gxkEzaifHTqLVW56Y/bjN7PSQtkKr0w3V/QYSdt6QWYtd7A1xUtYQigtdUfgj1RvWVtorw==",
      "dependencies": [
        "@types/estree"
      ],
      "optionalDependencies": [
        "@rollup/rollup-android-arm-eabi",
        "@rollup/rollup-android-arm64",
        "@rollup/rollup-darwin-arm64",
        "@rollup/rollup-darwin-x64",
        "@rollup/rollup-freebsd-arm64",
        "@rollup/rollup-freebsd-x64",
        "@rollup/rollup-linux-arm-gnueabihf",
        "@rollup/rollup-linux-arm-musleabihf",
        "@rollup/rollup-linux-arm64-gnu",
        "@rollup/rollup-linux-arm64-musl",
        "@rollup/rollup-linux-loong64-gnu",
        "@rollup/rollup-linux-ppc64-gnu",
        "@rollup/rollup-linux-riscv64-gnu",
        "@rollup/rollup-linux-riscv64-musl",
        "@rollup/rollup-linux-s390x-gnu",
        "@rollup/rollup-linux-x64-gnu",
        "@rollup/rollup-linux-x64-musl",
        "@rollup/rollup-openharmony-arm64",
        "@rollup/rollup-win32-arm64-msvc",
        "@rollup/rollup-win32-ia32-msvc",
        "@rollup/rollup-win32-x64-gnu",
        "@rollup/rollup-win32-x64-msvc",
        "fsevents"
      ],
      "bin": true
    },
    "source-map-js@1.2.1": {
      "integrity": "sha512-UXWMKhLOwVKb728IUtQPXxfYU+usdybtUrK/8uGE8CQMvrhOpwvzDBwj0QhSL7MQc7vIsISBG8VQ8+IDQxpfQA=="
    },
    "speakingurl@14.0.1": {
      "integrity": "sha512-1POYv7uv2gXoyGFpBCmpDVSNV74IfsWlDW216UPjbWufNf+bSU6GdbDsxdcxtfwb4xlI3yxzOTKClUosxARYrQ=="
    },
    "superjson@2.2.5": {
      "integrity": "sha512-zWPTX96LVsA/eVYnqOM2+ofcdPqdS1dAF1LN4TS2/MWuUpfitd9ctTa87wt4xrYnZnkLtS69xpBdSxVBP5Rm6w==",
      "dependencies": [
        "copy-anything"
      ]
    },
    "text-segmentation@1.0.3": {
      "integrity": "sha512-iOiPUo/BGnZ6+54OsWxZidGCsdU8YbE4PSpdPinp7DeMtUJNJBoJ/ouUSTJjHkh1KntHaltHl/gDs2FC4i5+Nw==",
      "dependencies": [
        "utrie"
      ]
    },
    "tinyglobby@0.2.15_picomatch@4.0.3": {
      "integrity": "sha512-j2Zq4NyQYG5XMST4cbs02Ak8iJUdxRM0XI5QyxXuZOzKOINmWurp3smXu3y5wDcJrptwpSjgXHzIQxR0omXljQ==",
      "dependencies": [
        "fdir",
        "picomatch"
      ]
    },
    "typescript@5.9.3": {
      "integrity": "sha512-jl1vZzPDinLr9eUt3J/t7V6FgNEw9QjvBPdysz9KfQDD41fQrC2Y4vKQdiaUpFT4bXlb1RHhLpp8wtm6M5TgSw==",
      "bin": true
    },
    "utrie@1.0.2": {
      "integrity": "sha512-1MLa5ouZiOmQzUbjbu9VmjLzn1QLXBhwpUa7kdLUQK+KQ5KA9I1vk5U4YHe/X2Ch7PYnJfWuWT+VbuxbGwljhw==",
      "dependencies": [
        "base64-arraybuffer"
      ]
    },
    "v-network-graph@0.9.21_d3-force@3.0.0_vue@3.5.22__typescript@5.9.3_typescript@5.9.3": {
      "integrity": "sha512-/KjaKtBMTg5TBI98N0Gf7gvtl6+6Q3tv14cJRYmzNb66iYtciET4gyagReZ0GwMt+X1EzUAnSezwqEuhH7Ya3w==",
      "dependencies": [
        "@dash14/svg-pan-zoom",
        "d3-force",
        "lodash-es",
        "mitt",
        "vue"
      ],
      "optionalPeers": [
        "d3-force"
      ]
    },
    "vite@7.1.12_picomatch@4.0.3": {
      "integrity": "sha512-ZWyE8YXEXqJrrSLvYgrRP7p62OziLW7xI5HYGWFzOvupfAlrLvURSzv/FyGyy0eidogEM3ujU+kUG1zuHgb6Ug==",
      "dependencies": [
        "esbuild",
        "fdir",
        "picomatch",
        "postcss",
        "rollup",
        "tinyglobby"
      ],
      "optionalDependencies": [
        "fsevents"
      ],
      "bin": true
    },
    "vscode-uri@3.1.0": {
      "integrity": "sha512-/BpdSx+yCQGnCvecbyXdxHDkuk55/G3xwnC0GqY4gmQ3j+A+g8kzzgB4Nk/SINjqn6+waqw3EgbVF2QKExkRxQ=="
    },
    "vue-router@4.6.3_vue@3.5.22__typescript@5.9.3_typescript@5.9.3": {
      "integrity": "sha512-ARBedLm9YlbvQomnmq91Os7ck6efydTSpRP3nuOKCvgJOHNrhRoJDSKtee8kcL1Vf7nz6U+PMBL+hTvR3bTVQg==",
      "dependencies": [
        "@vue/devtools-api@6.6.4",
        "vue"
      ]
    },
    "vue-tsc@3.1.8_typescript@5.9.3": {
      "integrity": "sha512-deKgwx6exIHeZwF601P1ktZKNF0bepaSN4jBU3AsbldPx9gylUc1JDxYppl82yxgkAgaz0Y0LCLOi+cXe9HMYA==",
      "dependencies": [
        "@volar/typescript",
        "@vue/language-core",
        "typescript"
      ],
      "bin": true
    },
    "vue@3.5.22_typescript@5.9.3": {
      "integrity": "sha512-toaZjQ3a/G/mYaLSbV+QsQhIdMo9x5rrqIpYRObsJ6T/J+RyCSFwN2LHNVH9v8uIcljDNa3QzPVdv3Y6b9hAJQ==",
      "dependencies": [
        "@vue/compiler-dom",
        "@vue/compiler-sfc",
        "@vue/runtime-dom",
        "@vue/server-renderer",
        "@vue/shared",
        "typescript"
      ],
      "optionalPeers": [
        "typescript"
      ]
    }
  },
  "workspace": {
    "packageJson": {
      "dependencies": [
        "npm:@tauri-apps/api@^2.9.1",
        "npm:@tauri-apps/cli@^2.9.6",
        "npm:@tauri-apps/plugin-cli@~2.4.1",
        "npm:@tauri-apps/plugin-dialog@^2.4.2",
        "npm:@tauri-apps/plugin-fs@~2.4.4",
        "npm:@tauri-apps/plugin-global-shortcut@~2.3.1",
        "npm:@tauri-apps/plugin-log@^2.7.1",
        "npm:@tauri-apps/plugin-os@^2.3.2",
        "npm:@tauri-apps/plugin-process@^2.3.1",
        "npm:@tauri-apps/plugin-shell@^2.3.3",
        "npm:@vitejs/plugin-vue@6.0.1",
        "npm:chart.js@4.5.1",
        "npm:color-convert@^3.1.3",
        "npm:d3-force@3",
        "npm:html2canvas@^1.4.1",
        "npm:pinia@3.0.3",
        "npm:typescript@^5.9.3",
        "npm:v-network-graph@0.9.21",
        "npm:vite@7.1.12",
        "npm:vue-router@4.6.3",
        "npm:vue-tsc@^3.1.8",
        "npm:vue@3.5.22"
      ]
    }
  }
}
